// !$*UTF8*$!
{
	archiveVersion = 1;
	classes = {
	};
	objectVersion = 46;
	objects = {

/* Begin PBXBuildFile section */
		5BC3AEB61B483F2B000F7BF6 /* AppDelegate.swift in Sources */ = {isa = PBXBuildFile; fileRef = 5BC3AEB51B483F2B000F7BF6 /* AppDelegate.swift */; };
		5BC3AEB81B483F2B000F7BF6 /* ViewController.swift in Sources */ = {isa = PBXBuildFile; fileRef = 5BC3AEB71B483F2B000F7BF6 /* ViewController.swift */; };
		5BC3AEBB1B483F2B000F7BF6 /* Main.storyboard in Resources */ = {isa = PBXBuildFile; fileRef = 5BC3AEB91B483F2B000F7BF6 /* Main.storyboard */; };
		5BC3AEBD1B483F2B000F7BF6 /* Images.xcassets in Resources */ = {isa = PBXBuildFile; fileRef = 5BC3AEBC1B483F2B000F7BF6 /* Images.xcassets */; };
		5BC3AEC01B483F2B000F7BF6 /* LaunchScreen.xib in Resources */ = {isa = PBXBuildFile; fileRef = 5BC3AEBE1B483F2B000F7BF6 /* LaunchScreen.xib */; };
		5BC3AECC1B483F2B000F7BF6 /* Bill_ShockTests.swift in Sources */ = {isa = PBXBuildFile; fileRef = 5BC3AECB1B483F2B000F7BF6 /* Bill_ShockTests.swift */; };
		5BC3AED61B483FB2000F7BF6 /* SettingsViewController.swift in Sources */ = {isa = PBXBuildFile; fileRef = 5BC3AED51B483FB2000F7BF6 /* SettingsViewController.swift */; };
		5BC3AED81B483FEC000F7BF6 /* AddRoomViewController.swift in Sources */ = {isa = PBXBuildFile; fileRef = 5BC3AED71B483FEC000F7BF6 /* AddRoomViewController.swift */; };
		5BC3AEDA1B484031000F7BF6 /* AddDeviceViewController.swift in Sources */ = {isa = PBXBuildFile; fileRef = 5BC3AED91B484031000F7BF6 /* AddDeviceViewController.swift */; };
		5BC3AEDC1B484067000F7BF6 /* SpecifyModelViewController.swift in Sources */ = {isa = PBXBuildFile; fileRef = 5BC3AEDB1B484067000F7BF6 /* SpecifyModelViewController.swift */; };
		5BC3AEDE1B484321000F7BF6 /* data in Resources */ = {isa = PBXBuildFile; fileRef = 5BC3AEDD1B484321000F7BF6 /* data */; };
/* End PBXBuildFile section */

/* Begin PBXContainerItemProxy section */
		5BC3AEC61B483F2B000F7BF6 /* PBXContainerItemProxy */ = {
			isa = PBXContainerItemProxy;
			containerPortal = 5BC3AEA81B483F2A000F7BF6 /* Project object */;
			proxyType = 1;
			remoteGlobalIDString = 5BC3AEAF1B483F2A000F7BF6;
			remoteInfo = "Bill Shock";
		};
/* End PBXContainerItemProxy section */

/* Begin PBXFileReference section */
		5BC3AEB01B483F2A000F7BF6 /* Bill Shock.app */ = {isa = PBXFileReference; explicitFileType = wrapper.application; includeInIndex = 0; path = "Bill Shock.app"; sourceTree = BUILT_PRODUCTS_DIR; };
		5BC3AEB41B483F2B000F7BF6 /* Info.plist */ = {isa = PBXFileReference; lastKnownFileType = text.plist.xml; path = Info.plist; sourceTree = "<group>"; };
		5BC3AEB51B483F2B000F7BF6 /* AppDelegate.swift */ = {isa = PBXFileReference; lastKnownFileType = sourcecode.swift; path = AppDelegate.swift; sourceTree = "<group>"; };
		5BC3AEB71B483F2B000F7BF6 /* ViewController.swift */ = {isa = PBXFileReference; lastKnownFileType = sourcecode.swift; path = ViewController.swift; sourceTree = "<group>"; };
		5BC3AEBA1B483F2B000F7BF6 /* Base */ = {isa = PBXFileReference; lastKnownFileType = file.storyboard; name = Base; path = Base.lproj/Main.storyboard; sourceTree = "<group>"; };
		5BC3AEBC1B483F2B000F7BF6 /* Images.xcassets */ = {isa = PBXFileReference; lastKnownFileType = folder.assetcatalog; path = Images.xcassets; sourceTree = "<group>"; };
		5BC3AEBF1B483F2B000F7BF6 /* Base */ = {isa = PBXFileReference; lastKnownFileType = file.xib; name = Base; path = Base.lproj/LaunchScreen.xib; sourceTree = "<group>"; };
		5BC3AEC51B483F2B000F7BF6 /* Bill ShockTests.xctest */ = {isa = PBXFileReference; explicitFileType = wrapper.cfbundle; includeInIndex = 0; path = "Bill ShockTests.xctest"; sourceTree = BUILT_PRODUCTS_DIR; };
		5BC3AECA1B483F2B000F7BF6 /* Info.plist */ = {isa = PBXFileReference; lastKnownFileType = text.plist.xml; path = Info.plist; sourceTree = "<group>"; };
		5BC3AECB1B483F2B000F7BF6 /* Bill_ShockTests.swift */ = {isa = PBXFileReference; lastKnownFileType = sourcecode.swift; path = Bill_ShockTests.swift; sourceTree = "<group>"; };
		5BC3AED51B483FB2000F7BF6 /* SettingsViewController.swift */ = {isa = PBXFileReference; fileEncoding = 4; lastKnownFileType = sourcecode.swift; path = SettingsViewController.swift; sourceTree = "<group>"; };
		5BC3AED71B483FEC000F7BF6 /* AddRoomViewController.swift */ = {isa = PBXFileReference; fileEncoding = 4; lastKnownFileType = sourcecode.swift; path = AddRoomViewController.swift; sourceTree = "<group>"; };
		5BC3AED91B484031000F7BF6 /* AddDeviceViewController.swift */ = {isa = PBXFileReference; fileEncoding = 4; lastKnownFileType = sourcecode.swift; path = AddDeviceViewController.swift; sourceTree = "<group>"; };
		5BC3AEDB1B484067000F7BF6 /* SpecifyModelViewController.swift */ = {isa = PBXFileReference; fileEncoding = 4; lastKnownFileType = sourcecode.swift; path = SpecifyModelViewController.swift; sourceTree = "<group>"; };
		5BC3AEDD1B484321000F7BF6 /* data */ = {isa = PBXFileReference; lastKnownFileType = folder; path = data; sourceTree = "<group>"; };
/* End PBXFileReference section */

/* Begin PBXFrameworksBuildPhase section */
		5BC3AEAD1B483F2A000F7BF6 /* Frameworks */ = {
			isa = PBXFrameworksBuildPhase;
			buildActionMask = 2147483647;
			files = (
			);
			runOnlyForDeploymentPostprocessing = 0;
		};
		5BC3AEC21B483F2B000F7BF6 /* Frameworks */ = {
			isa = PBXFrameworksBuildPhase;
			buildActionMask = 2147483647;
			files = (
			);
			runOnlyForDeploymentPostprocessing = 0;
		};
/* End PBXFrameworksBuildPhase section */

/* Begin PBXGroup section */
		5BC3AEA71B483F2A000F7BF6 = {
			isa = PBXGroup;
			children = (
				5BC3AEB21B483F2A000F7BF6 /* Bill Shock */,
				5BC3AEC81B483F2B000F7BF6 /* Bill ShockTests */,
				5BC3AEB11B483F2A000F7BF6 /* Products */,
			);
			sourceTree = "<group>";
		};
		5BC3AEB11B483F2A000F7BF6 /* Products */ = {
			isa = PBXGroup;
			children = (
				5BC3AEB01B483F2A000F7BF6 /* Bill Shock.app */,
				5BC3AEC51B483F2B000F7BF6 /* Bill ShockTests.xctest */,
			);
			name = Products;
			sourceTree = "<group>";
		};
		5BC3AEB21B483F2A000F7BF6 /* Bill Shock */ = {
			isa = PBXGroup;
			children = (
				5BC3AEB51B483F2B000F7BF6 /* AppDelegate.swift */,
				5BC3AEB71B483F2B000F7BF6 /* ViewController.swift */,
				5BC3AED51B483FB2000F7BF6 /* SettingsViewController.swift */,
				5BC3AED71B483FEC000F7BF6 /* AddRoomViewController.swift */,
				5BC3AED91B484031000F7BF6 /* AddDeviceViewController.swift */,
				5BC3AEDB1B484067000F7BF6 /* SpecifyModelViewController.swift */,
				5BC3AEB91B483F2B000F7BF6 /* Main.storyboard */,
				5BC3AEBC1B483F2B000F7BF6 /* Images.xcassets */,
				5BC3AEDD1B484321000F7BF6 /* data */,
				5BC3AEBE1B483F2B000F7BF6 /* LaunchScreen.xib */,
				5BC3AEB31B483F2A000F7BF6 /* Supporting Files */,
			);
			path = "Bill Shock";
			sourceTree = "<group>";
		};
		5BC3AEB31B483F2A000F7BF6 /* Supporting Files */ = {
			isa = PBXGroup;
			children = (
				5BC3AEB41B483F2B000F7BF6 /* Info.plist */,
			);
			name = "Supporting Files";
			sourceTree = "<group>";
		};
		5BC3AEC81B483F2B000F7BF6 /* Bill ShockTests */ = {
			isa = PBXGroup;
			children = (
				5BC3AECB1B483F2B000F7BF6 /* Bill_ShockTests.swift */,
				5BC3AEC91B483F2B000F7BF6 /* Supporting Files */,
			);
			path = "Bill ShockTests";
			sourceTree = "<group>";
		};
		5BC3AEC91B483F2B000F7BF6 /* Supporting Files */ = {
			isa = PBXGroup;
			children = (
				5BC3AECA1B483F2B000F7BF6 /* Info.plist */,
			);
			name = "Supporting Files";
			sourceTree = "<group>";
		};
/* End PBXGroup section */

/* Begin PBXNativeTarget section */
		5BC3AEAF1B483F2A000F7BF6 /* Bill Shock */ = {
			isa = PBXNativeTarget;
			buildConfigurationList = 5BC3AECF1B483F2B000F7BF6 /* Build configuration list for PBXNativeTarget "Bill Shock" */;
			buildPhases = (
				5BC3AEAC1B483F2A000F7BF6 /* Sources */,
				5BC3AEAD1B483F2A000F7BF6 /* Frameworks */,
				5BC3AEAE1B483F2A000F7BF6 /* Resources */,
			);
			buildRules = (
			);
			dependencies = (
			);
			name = "Bill Shock";
			productName = "Bill Shock";
			productReference = 5BC3AEB01B483F2A000F7BF6 /* Bill Shock.app */;
			productType = "com.apple.product-type.application";
		};
		5BC3AEC41B483F2B000F7BF6 /* Bill ShockTests */ = {
			isa = PBXNativeTarget;
			buildConfigurationList = 5BC3AED21B483F2B000F7BF6 /* Build configuration list for PBXNativeTarget "Bill ShockTests" */;
			buildPhases = (
				5BC3AEC11B483F2B000F7BF6 /* Sources */,
				5BC3AEC21B483F2B000F7BF6 /* Frameworks */,
				5BC3AEC31B483F2B000F7BF6 /* Resources */,
			);
			buildRules = (
			);
			dependencies = (
				5BC3AEC71B483F2B000F7BF6 /* PBXTargetDependency */,
			);
			name = "Bill ShockTests";
			productName = "Bill ShockTests";
			productReference = 5BC3AEC51B483F2B000F7BF6 /* Bill ShockTests.xctest */;
			productType = "com.apple.product-type.bundle.unit-test";
		};
/* End PBXNativeTarget section */

/* Begin PBXProject section */
		5BC3AEA81B483F2A000F7BF6 /* Project object */ = {
			isa = PBXProject;
			attributes = {
				LastUpgradeCheck = 0630;
				ORGANIZATIONNAME = "Ode To Code";
				TargetAttributes = {
					5BC3AEAF1B483F2A000F7BF6 = {
						CreatedOnToolsVersion = 6.3.2;
					};
					5BC3AEC41B483F2B000F7BF6 = {
						CreatedOnToolsVersion = 6.3.2;
						TestTargetID = 5BC3AEAF1B483F2A000F7BF6;
					};
				};
			};
			buildConfigurationList = 5BC3AEAB1B483F2A000F7BF6 /* Build configuration list for PBXProject "Bill Shock" */;
			compatibilityVersion = "Xcode 3.2";
			developmentRegion = English;
			hasScannedForEncodings = 0;
			knownRegions = (
				en,
				Base,
			);
			mainGroup = 5BC3AEA71B483F2A000F7BF6;
			productRefGroup = 5BC3AEB11B483F2A000F7BF6 /* Products */;
			projectDirPath = "";
			projectRoot = "";
			targets = (
				5BC3AEAF1B483F2A000F7BF6 /* Bill Shock */,
				5BC3AEC41B483F2B000F7BF6 /* Bill ShockTests */,
			);
		};
/* End PBXProject section */

/* Begin PBXResourcesBuildPhase section */
		5BC3AEAE1B483F2A000F7BF6 /* Resources */ = {
			isa = PBXResourcesBuildPhase;
			buildActionMask = 2147483647;
			files = (
				5BC3AEBB1B483F2B000F7BF6 /* Main.storyboard in Resources */,
				5BC3AEC01B483F2B000F7BF6 /* LaunchScreen.xib in Resources */,
				5BC3AEDE1B484321000F7BF6 /* data in Resources */,
				5BC3AEBD1B483F2B000F7BF6 /* Images.xcassets in Resources */,
			);
			runOnlyForDeploymentPostprocessing = 0;
		};
		5BC3AEC31B483F2B000F7BF6 /* Resources */ = {
			isa = PBXResourcesBuildPhase;
			buildActionMask = 2147483647;
			files = (
			);
			runOnlyForDeploymentPostprocessing = 0;
		};
/* End PBXResourcesBuildPhase section */

/* Begin PBXSourcesBuildPhase section */
		5BC3AEAC1B483F2A000F7BF6 /* Sources */ = {
			isa = PBXSourcesBuildPhase;
			buildActionMask = 2147483647;
			files = (
				5BC3AEB81B483F2B000F7BF6 /* ViewController.swift in Sources */,
				5BC3AEB61B483F2B000F7BF6 /* AppDelegate.swift in Sources */,
				5BC3AEDC1B484067000F7BF6 /* SpecifyModelViewController.swift in Sources */,
				5BC3AED61B483FB2000F7BF6 /* SettingsViewController.swift in Sources */,
				5BC3AED81B483FEC000F7BF6 /* AddRoomViewController.swift in Sources */,
				5BC3AEDA1B484031000F7BF6 /* AddDeviceViewController.swift in Sources */,
			);
			runOnlyForDeploymentPostprocessing = 0;
		};
		5BC3AEC11B483F2B000F7BF6 /* Sources */ = {
			isa = PBXSourcesBuildPhase;
			buildActionMask = 2147483647;
			files = (
				5BC3AECC1B483F2B000F7BF6 /* Bill_ShockTests.swift in Sources */,
			);
			runOnlyForDeploymentPostprocessing = 0;
		};
/* End PBXSourcesBuildPhase section */

/* Begin PBXTargetDependency section */
		5BC3AEC71B483F2B000F7BF6 /* PBXTargetDependency */ = {
			isa = PBXTargetDependency;
			target = 5BC3AEAF1B483F2A000F7BF6 /* Bill Shock */;
			targetProxy = 5BC3AEC61B483F2B000F7BF6 /* PBXContainerItemProxy */;
		};
/* End PBXTargetDependency section */

/* Begin PBXVariantGroup section */
		5BC3AEB91B483F2B000F7BF6 /* Main.storyboard */ = {
			isa = PBXVariantGroup;
			children = (
				5BC3AEBA1B483F2B000F7BF6 /* Base */,
			);
			name = Main.storyboard;
			sourceTree = "<group>";
		};
		5BC3AEBE1B483F2B000F7BF6 /* LaunchScreen.xib */ = {
			isa = PBXVariantGroup;
			children = (
				5BC3AEBF1B483F2B000F7BF6 /* Base */,
			);
			name = LaunchScreen.xib;
			sourceTree = "<group>";
		};
/* End PBXVariantGroup section */

/* Begin XCBuildConfiguration section */
		5BC3AECD1B483F2B000F7BF6 /* Debug */ = {
			isa = XCBuildConfiguration;
			buildSettings = {
				ALWAYS_SEARCH_USER_PATHS = NO;
				CLANG_CXX_LANGUAGE_STANDARD = "gnu++0x";
				CLANG_CXX_LIBRARY = "libc++";
				CLANG_ENABLE_MODULES = YES;
				CLANG_ENABLE_OBJC_ARC = YES;
				CLANG_WARN_BOOL_CONVERSION = YES;
				CLANG_WARN_CONSTANT_CONVERSION = YES;
				CLANG_WARN_DIRECT_OBJC_ISA_USAGE = YES_ERROR;
				CLANG_WARN_EMPTY_BODY = YES;
				CLANG_WARN_ENUM_CONVERSION = YES;
				CLANG_WARN_INT_CONVERSION = YES;
				CLANG_WARN_OBJC_ROOT_CLASS = YES_ERROR;
				CLANG_WARN_UNREACHABLE_CODE = YES;
				CLANG_WARN__DUPLICATE_METHOD_MATCH = YES;
				"CODE_SIGN_IDENTITY[sdk=iphoneos*]" = "iPhone Developer";
				COPY_PHASE_STRIP = NO;
				DEBUG_INFORMATION_FORMAT = "dwarf-with-dsym";
				ENABLE_STRICT_OBJC_MSGSEND = YES;
				GCC_C_LANGUAGE_STANDARD = gnu99;
				GCC_DYNAMIC_NO_PIC = NO;
				GCC_NO_COMMON_BLOCKS = YES;
				GCC_OPTIMIZATION_LEVEL = 0;
				GCC_PREPROCESSOR_DEFINITIONS = (
					"DEBUG=1",
					"$(inherited)",
				);
				GCC_SYMBOLS_PRIVATE_EXTERN = NO;
				GCC_WARN_64_TO_32_BIT_CONVERSION = YES;
				GCC_WARN_ABOUT_RETURN_TYPE = YES_ERROR;
				GCC_WARN_UNDECLARED_SELECTOR = YES;
				GCC_WARN_UNINITIALIZED_AUTOS = YES_AGGRESSIVE;
				GCC_WARN_UNUSED_FUNCTION = YES;
				GCC_WARN_UNUSED_VARIABLE = YES;
				IPHONEOS_DEPLOYMENT_TARGET = 8.3;
				MTL_ENABLE_DEBUG_INFO = YES;
				ONLY_ACTIVE_ARCH = YES;
				SDKROOT = iphoneos;
				SWIFT_OPTIMIZATION_LEVEL = "-Onone";
			};
			name = Debug;
		};
		5BC3AECE1B483F2B000F7BF6 /* Release */ = {
			isa = XCBuildConfiguration;
			buildSettings = {
				ALWAYS_SEARCH_USER_PATHS = NO;
				CLANG_CXX_LANGUAGE_STANDARD = "gnu++0x";
				CLANG_CXX_LIBRARY = "libc++";
				CLANG_ENABLE_MODULES = YES;
				CLANG_ENABLE_OBJC_ARC = YES;
				CLANG_WARN_BOOL_CONVERSION = YES;
				CLANG_WARN_CONSTANT_CONVERSION = YES;
				CLANG_WARN_DIRECT_OBJC_ISA_USAGE = YES_ERROR;
				CLANG_WARN_EMPTY_BODY = YES;
				CLANG_WARN_ENUM_CONVERSION = YES;
				CLANG_WARN_INT_CONVERSION = YES;
				CLANG_WARN_OBJC_ROOT_CLASS = YES_ERROR;
				CLANG_WARN_UNREACHABLE_CODE = YES;
				CLANG_WARN__DUPLICATE_METHOD_MATCH = YES;
				"CODE_SIGN_IDENTITY[sdk=iphoneos*]" = "iPhone Developer";
				COPY_PHASE_STRIP = NO;
				DEBUG_INFORMATION_FORMAT = "dwarf-with-dsym";
				ENABLE_NS_ASSERTIONS = NO;
				ENABLE_STRICT_OBJC_MSGSEND = YES;
				GCC_C_LANGUAGE_STANDARD = gnu99;
				GCC_NO_COMMON_BLOCKS = YES;
				GCC_WARN_64_TO_32_BIT_CONVERSION = YES;
				GCC_WARN_ABOUT_RETURN_TYPE = YES_ERROR;
				GCC_WARN_UNDECLARED_SELECTOR = YES;
				GCC_WARN_UNINITIALIZED_AUTOS = YES_AGGRESSIVE;
				GCC_WARN_UNUSED_FUNCTION = YES;
				GCC_WARN_UNUSED_VARIABLE = YES;
				IPHONEOS_DEPLOYMENT_TARGET = 8.3;
				MTL_ENABLE_DEBUG_INFO = NO;
				SDKROOT = iphoneos;
				VALIDATE_PRODUCT = YES;
			};
			name = Release;
		};
		5BC3AED01B483F2B000F7BF6 /* Debug */ = {
			isa = XCBuildConfiguration;
			buildSettings = {
				ASSETCATALOG_COMPILER_APPICON_NAME = AppIcon;
				INFOPLIST_FILE = "Bill Shock/Info.plist";
				LD_RUNPATH_SEARCH_PATHS = "$(inherited) @executable_path/Frameworks";
				PRODUCT_NAME = "$(TARGET_NAME)";
			};
			name = Debug;
		};
		5BC3AED11B483F2B000F7BF6 /* Release */ = {
			isa = XCBuildConfiguration;
			buildSettings = {
				ASSETCATALOG_COMPILER_APPICON_NAME = AppIcon;
				INFOPLIST_FILE = "Bill Shock/Info.plist";
				LD_RUNPATH_SEARCH_PATHS = "$(inherited) @executable_path/Frameworks";
				PRODUCT_NAME = "$(TARGET_NAME)";
			};
			name = Release;
		};
		5BC3AED31B483F2B000F7BF6 /* Debug */ = {
			isa = XCBuildConfiguration;
			buildSettings = {
				BUNDLE_LOADER = "$(TEST_HOST)";
				FRAMEWORK_SEARCH_PATHS = (
					"$(SDKROOT)/Developer/Library/Frameworks",
					"$(inherited)",
				);
				GCC_PREPROCESSOR_DEFINITIONS = (
					"DEBUG=1",
					"$(inherited)",
				);
				INFOPLIST_FILE = "Bill ShockTests/Info.plist";
				LD_RUNPATH_SEARCH_PATHS = "$(inherited) @executable_path/Frameworks @loader_path/Frameworks";
				PRODUCT_NAME = "$(TARGET_NAME)";
				TEST_HOST = "$(BUILT_PRODUCTS_DIR)/Bill Shock.app/Bill Shock";
			};
			name = Debug;
		};
		5BC3AED41B483F2B000F7BF6 /* Release */ = {
			isa = XCBuildConfiguration;
			buildSettings = {
				BUNDLE_LOADER = "$(TEST_HOST)";
				FRAMEWORK_SEARCH_PATHS = (
					"$(SDKROOT)/Developer/Library/Frameworks",
					"$(inherited)",
				);
				INFOPLIST_FILE = "Bill ShockTests/Info.plist";
				LD_RUNPATH_SEARCH_PATHS = "$(inherited) @executable_path/Frameworks @loader_path/Frameworks";
				PRODUCT_NAME = "$(TARGET_NAME)";
				TEST_HOST = "$(BUILT_PRODUCTS_DIR)/Bill Shock.app/Bill Shock";
			};
			name = Release;
		};
/* End XCBuildConfiguration section */

/* Begin XCConfigurationList section */
		5BC3AEAB1B483F2A000F7BF6 /* Build configuration list for PBXProject "Bill Shock" */ = {
			isa = XCConfigurationList;
			buildConfigurations = (
				5BC3AECD1B483F2B000F7BF6 /* Debug */,
				5BC3AECE1B483F2B000F7BF6 /* Release */,
			);
			defaultConfigurationIsVisible = 0;
			defaultConfigurationName = Release;
		};
		5BC3AECF1B483F2B000F7BF6 /* Build configuration list for PBXNativeTarget "Bill Shock" */ = {
			isa = XCConfigurationList;
			buildConfigurations = (
				5BC3AED01B483F2B000F7BF6 /* Debug */,
				5BC3AED11B483F2B000F7BF6 /* Release */,
			);
			defaultConfigurationIsVisible = 0;
			defaultConfigurationName = Release;
		};
		5BC3AED21B483F2B000F7BF6 /* Build configuration list for PBXNativeTarget "Bill ShockTests" */ = {
			isa = XCConfigurationList;
			buildConfigurations = (
				5BC3AED31B483F2B000F7BF6 /* Debug */,
				5BC3AED41B483F2B000F7BF6 /* Release */,
			);
			defaultConfigurationIsVisible = 0;
			defaultConfigurationName = Release;
		};
/* End XCConfigurationList section */
	};
	rootObject = 5BC3AEA81B483F2A000F7BF6 /* Project object */;
}
